{
  "name": "News",
  "version": "1.0.0",
  "lockfileVersion": 1,
  "requires": true,
  "dependencies": {
    "@escook/request-miniprogram": {
      "version": "0.2.1",
      "resolved": "https://registry.npmjs.org/@escook/request-miniprogram/-/request-miniprogram-0.2.1.tgz",
      "integrity": "sha512-ueWV5YsaEm/ycQZuEjMiA88GFMhfBQSjy9GrP9omy4xAQajkGTbYIlnhzsDfWzRPmRC1fKmAiKMrCVcgS+SHcQ==",
      "dev": true
    },
    "marked": {
      "version": "4.0.17",
      "resolved": "https://registry.npmjs.org/marked/-/marked-4.0.17.tgz",
      "integrity": "sha512-Wfk0ATOK5iPxM4ptrORkFemqroz0ZDxp5MWfYA7H/F+wO17NRWV5Ypxi6p3g2Xmw2bKeiYOl6oVnLHKxBA0VhA=="
    }
  }
}
